// !$*UTF8*$!
{
	archiveVersion = 1;
	classes = {
	};
	objectVersion = 56;
	objects = {

/* Begin PBXBuildFile section */
		40506C022A9E64030058332A /* TrendingNowCollectionViewCell.swift in Sources */ = {isa = PBXBuildFile; fileRef = 40506C012A9E64030058332A /* TrendingNowCollectionViewCell.swift */; };
		40506C042A9E6F7F0058332A /* PopularCategoryCollectionViewCell.swift in Sources */ = {isa = PBXBuildFile; fileRef = 40506C032A9E6F7F0058332A /* PopularCategoryCollectionViewCell.swift */; };
		40506C062A9E77160058332A /* RecentRecipeCollectionViewCell.swift in Sources */ = {isa = PBXBuildFile; fileRef = 40506C052A9E77160058332A /* RecentRecipeCollectionViewCell.swift */; };
		40506C082A9E79C50058332A /* PopularCreatorsCollectionViewCell.swift in Sources */ = {isa = PBXBuildFile; fileRef = 40506C072A9E79C50058332A /* PopularCreatorsCollectionViewCell.swift */; };
		40569B422A9FEA7F00C87666 /* SwitchPopularCategoryCollectionViewCell.swift in Sources */ = {isa = PBXBuildFile; fileRef = 40569B412A9FEA7F00C87666 /* SwitchPopularCategoryCollectionViewCell.swift */; };
		40569B442A9FF3F700C87666 /* UICollectionView + App.swift in Sources */ = {isa = PBXBuildFile; fileRef = 40569B432A9FF3F700C87666 /* UICollectionView + App.swift */; };
		40569B462A9FFB5800C87666 /* UIButton + App.swift in Sources */ = {isa = PBXBuildFile; fileRef = 40569B452A9FFB5800C87666 /* UIButton + App.swift */; };
		40569B482AA0B3F500C87666 /* UIView + App.swift in Sources */ = {isa = PBXBuildFile; fileRef = 40569B472AA0B3F500C87666 /* UIView + App.swift */; };
		40569B4C2AA3547F00C87666 /* PopularCategoryModel2.swift in Sources */ = {isa = PBXBuildFile; fileRef = 40569B4B2AA3547F00C87666 /* PopularCategoryModel2.swift */; };
		40569B4E2AA3905500C87666 /* ReadyInMinutesModel.swift in Sources */ = {isa = PBXBuildFile; fileRef = 40569B4D2AA3905500C87666 /* ReadyInMinutesModel.swift */; };
		40569B512AA4970B00C87666 /* RealmSwift in Frameworks */ = {isa = PBXBuildFile; productRef = 40569B502AA4970B00C87666 /* RealmSwift */; };
		40569B542AA49F2600C87666 /* AlertKit in Frameworks */ = {isa = PBXBuildFile; productRef = 40569B532AA49F2600C87666 /* AlertKit */; };
		40569B562AA4AD1800C87666 /* RecentRecipeModel.swift in Sources */ = {isa = PBXBuildFile; fileRef = 40569B552AA4AD1800C87666 /* RecentRecipeModel.swift */; };
		40569B592AA4F35200C87666 /* Extension HomeViewController.swift in Sources */ = {isa = PBXBuildFile; fileRef = 40569B582AA4F35200C87666 /* Extension HomeViewController.swift */; };
		40569B5B2AA5B8AB00C87666 /* NavigationBar.swift in Sources */ = {isa = PBXBuildFile; fileRef = 40569B5A2AA5B8AB00C87666 /* NavigationBar.swift */; };
		40569B5E2AA5C24700C87666 /* SavedRecipeModel.swift in Sources */ = {isa = PBXBuildFile; fileRef = 40569B5D2AA5C24700C87666 /* SavedRecipeModel.swift */; };
		40569B612AA62F4000C87666 /* SearchRecipeViewController.swift in Sources */ = {isa = PBXBuildFile; fileRef = 40569B602AA62F4000C87666 /* SearchRecipeViewController.swift */; };
		40569B632AA62FFF00C87666 /* SearchRecipeTableViewCell.swift in Sources */ = {isa = PBXBuildFile; fileRef = 40569B622AA62FFF00C87666 /* SearchRecipeTableViewCell.swift */; };
		4084C2272A9D2FE900842DEF /* SearchRecipeModel.swift in Sources */ = {isa = PBXBuildFile; fileRef = 4084C2262A9D2FE900842DEF /* SearchRecipeModel.swift */; };
		4084C22D2A9D367100842DEF /* InformationAboutIngradientModel.swift in Sources */ = {isa = PBXBuildFile; fileRef = 4084C22C2A9D367100842DEF /* InformationAboutIngradientModel.swift */; };
		40EE66FF2A9DED9B00461299 /* PopularCategoryModel.swift in Sources */ = {isa = PBXBuildFile; fileRef = 40EE66FE2A9DED9B00461299 /* PopularCategoryModel.swift */; };
		40EE67032A9E160900461299 /* NetworkService.swift in Sources */ = {isa = PBXBuildFile; fileRef = 40EE67022A9E160900461299 /* NetworkService.swift */; };
		40EE67052A9E1CD500461299 /* URLGenerate.swift in Sources */ = {isa = PBXBuildFile; fileRef = 40EE67042A9E1CD500461299 /* URLGenerate.swift */; };
		4CE0980D2A9E7FCE000D17F6 /* SnapKit in Frameworks */ = {isa = PBXBuildFile; productRef = 4CE0980C2A9E7FCE000D17F6 /* SnapKit */; };
		4CE0980F2A9E8034000D17F6 /* CastomTableViewCell.swift in Sources */ = {isa = PBXBuildFile; fileRef = 4CE0980E2A9E8034000D17F6 /* CastomTableViewCell.swift */; };
		4CE098112AA906DA000D17F6 /* GoogleService-Info.plist in Resources */ = {isa = PBXBuildFile; fileRef = 4CE098102AA906DA000D17F6 /* GoogleService-Info.plist */; };
		4CE098142AA90788000D17F6 /* FirebaseAuth in Frameworks */ = {isa = PBXBuildFile; productRef = 4CE098132AA90788000D17F6 /* FirebaseAuth */; };
		4CE098162AA90788000D17F6 /* FirebaseStorage in Frameworks */ = {isa = PBXBuildFile; productRef = 4CE098152AA90788000D17F6 /* FirebaseStorage */; };
		4CE098182AA90A2D000D17F6 /* FireBaseAuthManager.swift in Sources */ = {isa = PBXBuildFile; fileRef = 4CE098172AA90A2D000D17F6 /* FireBaseAuthManager.swift */; };
		4CE0981A2AA90BB7000D17F6 /* UserAuthData.swift in Sources */ = {isa = PBXBuildFile; fileRef = 4CE098192AA90BB7000D17F6 /* UserAuthData.swift */; };
		4CE0981D2AACED13000D17F6 /* LoginViewController.swift in Sources */ = {isa = PBXBuildFile; fileRef = 4CE0981C2AACED13000D17F6 /* LoginViewController.swift */; };
		522A7DDE2AA1F76700BE821F /* DetailModel.swift in Sources */ = {isa = PBXBuildFile; fileRef = 522A7DDD2AA1F76700BE821F /* DetailModel.swift */; };
		52EC938D2AA5D982006A959C /* ProfileViewController.swift in Sources */ = {isa = PBXBuildFile; fileRef = 52EC938C2AA5D982006A959C /* ProfileViewController.swift */; };
		52EC938F2AA5DE73006A959C /* MyProfileCell.swift in Sources */ = {isa = PBXBuildFile; fileRef = 52EC938E2AA5DE73006A959C /* MyProfileCell.swift */; };
		52EC93912AA5E885006A959C /* MyRecipesCell.swift in Sources */ = {isa = PBXBuildFile; fileRef = 52EC93902AA5E885006A959C /* MyRecipesCell.swift */; };
		52EC93932AA5EB35006A959C /* RecipeImageView.swift in Sources */ = {isa = PBXBuildFile; fileRef = 52EC93922AA5EB35006A959C /* RecipeImageView.swift */; };
		79BD78DE2A9F8E2B005D5900 /* PagesViewController.swift in Sources */ = {isa = PBXBuildFile; fileRef = 79BD78DD2A9F8E2B005D5900 /* PagesViewController.swift */; };
		79BD78E02AA0605A005D5900 /* OnboardingViewController.swift in Sources */ = {isa = PBXBuildFile; fileRef = 79BD78DF2AA0605A005D5900 /* OnboardingViewController.swift */; };
		863B3D402A9D1B0400187864 /* Kingfisher in Frameworks */ = {isa = PBXBuildFile; productRef = 863B3D3F2A9D1B0400187864 /* Kingfisher */; };
		864AAB992A9B45CD001955C7 /* AppDelegate.swift in Sources */ = {isa = PBXBuildFile; fileRef = 864AAB982A9B45CD001955C7 /* AppDelegate.swift */; };
		864AAB9B2A9B45CD001955C7 /* SceneDelegate.swift in Sources */ = {isa = PBXBuildFile; fileRef = 864AAB9A2A9B45CD001955C7 /* SceneDelegate.swift */; };
		864AABA22A9B45CE001955C7 /* Assets.xcassets in Resources */ = {isa = PBXBuildFile; fileRef = 864AABA12A9B45CE001955C7 /* Assets.xcassets */; };
		864AABA52A9B45CE001955C7 /* LaunchScreen.storyboard in Resources */ = {isa = PBXBuildFile; fileRef = 864AABA32A9B45CE001955C7 /* LaunchScreen.storyboard */; };
		864AABB32A9B4876001955C7 /* MainTabBarController.swift in Sources */ = {isa = PBXBuildFile; fileRef = 864AABB22A9B4876001955C7 /* MainTabBarController.swift */; };
		864AABB62A9B4A1D001955C7 /* UIColor+App.swift in Sources */ = {isa = PBXBuildFile; fileRef = 864AABB52A9B4A1D001955C7 /* UIColor+App.swift */; };
		864AABB82A9B4A31001955C7 /* UIFont+App.swift in Sources */ = {isa = PBXBuildFile; fileRef = 864AABB72A9B4A31001955C7 /* UIFont+App.swift */; };
		864AABBB2A9B5461001955C7 /* Poppins-Regular.ttf in Resources */ = {isa = PBXBuildFile; fileRef = 864AABBA2A9B5461001955C7 /* Poppins-Regular.ttf */; };
		864AABBD2A9CBFA3001955C7 /* Poppins-Bold.ttf in Resources */ = {isa = PBXBuildFile; fileRef = 864AABBC2A9CBFA3001955C7 /* Poppins-Bold.ttf */; };
		864AABBF2A9CC2E1001955C7 /* UILabel + App.swift in Sources */ = {isa = PBXBuildFile; fileRef = 864AABBE2A9CC2E1001955C7 /* UILabel + App.swift */; };
		864AABD12A9CCCB8001955C7 /* WelcomeViewController.swift in Sources */ = {isa = PBXBuildFile; fileRef = 864AABD02A9CCCB8001955C7 /* WelcomeViewController.swift */; };
		864AABD32A9CCCC5001955C7 /* HomeViewController.swift in Sources */ = {isa = PBXBuildFile; fileRef = 864AABD22A9CCCC5001955C7 /* HomeViewController.swift */; };
		864AABD52A9CCCCF001955C7 /* DiscoverViewController.swift in Sources */ = {isa = PBXBuildFile; fileRef = 864AABD42A9CCCCF001955C7 /* DiscoverViewController.swift */; };
		864AABD82A9CCCE4001955C7 /* RecipeDetailViewController.swift in Sources */ = {isa = PBXBuildFile; fileRef = 864AABD72A9CCCE4001955C7 /* RecipeDetailViewController.swift */; };
		8682CC852AA7418800F7D078 /* CreateRecipeViewController.swift in Sources */ = {isa = PBXBuildFile; fileRef = 8682CC822AA7418800F7D078 /* CreateRecipeViewController.swift */; };
		8682CC862AA7418800F7D078 /* HeaderView.swift in Sources */ = {isa = PBXBuildFile; fileRef = 8682CC842AA7418800F7D078 /* HeaderView.swift */; };
		8682CC882AA741B900F7D078 /* CreateRecipeTextField.swift in Sources */ = {isa = PBXBuildFile; fileRef = 8682CC872AA741B900F7D078 /* CreateRecipeTextField.swift */; };
		8682CC8A2AA742F900F7D078 /* CreateRecipeView.swift in Sources */ = {isa = PBXBuildFile; fileRef = 8682CC892AA742F900F7D078 /* CreateRecipeView.swift */; };
		8695E01E2AA9ED330093B18E /* FooterView.swift in Sources */ = {isa = PBXBuildFile; fileRef = 8695E01D2AA9ED330093B18E /* FooterView.swift */; };
		8695E0242AA9EF660093B18E /* IngredientsCollectionViewCell.swift in Sources */ = {isa = PBXBuildFile; fileRef = 8695E0232AA9EF660093B18E /* IngredientsCollectionViewCell.swift */; };
		8695E0282AAA1B9F0093B18E /* IngredientsItemModel.swift in Sources */ = {isa = PBXBuildFile; fileRef = 8695E0272AAA1B9F0093B18E /* IngredientsItemModel.swift */; };
		86AA64982AA125BB00270237 /* InstructionCell.swift in Sources */ = {isa = PBXBuildFile; fileRef = 86AA64962AA125BB00270237 /* InstructionCell.swift */; };
		86AA64992AA125BB00270237 /* IngredientCell.swift in Sources */ = {isa = PBXBuildFile; fileRef = 86AA64972AA125BB00270237 /* IngredientCell.swift */; };
		86FBB5612AA8C2DE00B370F2 /* ServesTableViewController.swift in Sources */ = {isa = PBXBuildFile; fileRef = 86FBB5602AA8C2DE00B370F2 /* ServesTableViewController.swift */; };
		86FBB5652AA8D53C00B370F2 /* CookTimeView.swift in Sources */ = {isa = PBXBuildFile; fileRef = 86FBB5642AA8D53C00B370F2 /* CookTimeView.swift */; };
		86FBB5672AA8E90800B370F2 /* CookTimeTableViewController.swift in Sources */ = {isa = PBXBuildFile; fileRef = 86FBB5662AA8E90800B370F2 /* CookTimeTableViewController.swift */; };
		C34A5FBB2A9DE9F100EBC15E /* SeeAllViewController.swift in Sources */ = {isa = PBXBuildFile; fileRef = C34A5FBA2A9DE9F100EBC15E /* SeeAllViewController.swift */; };
		C34A5FBF2A9F331C00EBC15E /* CustomCell.swift in Sources */ = {isa = PBXBuildFile; fileRef = C34A5FBE2A9F331C00EBC15E /* CustomCell.swift */; };
		C34A5FC12A9F506500EBC15E /* RatingView.swift in Sources */ = {isa = PBXBuildFile; fileRef = C34A5FC02A9F506500EBC15E /* RatingView.swift */; };
		C34A5FC32A9F7C8000EBC15E /* SeeAllTableView.swift in Sources */ = {isa = PBXBuildFile; fileRef = C34A5FC22A9F7C8000EBC15E /* SeeAllTableView.swift */; };
/* End PBXBuildFile section */

/* Begin PBXFileReference section */
		40506C012A9E64030058332A /* TrendingNowCollectionViewCell.swift */ = {isa = PBXFileReference; lastKnownFileType = sourcecode.swift; path = TrendingNowCollectionViewCell.swift; sourceTree = "<group>"; };
		40506C032A9E6F7F0058332A /* PopularCategoryCollectionViewCell.swift */ = {isa = PBXFileReference; lastKnownFileType = sourcecode.swift; path = PopularCategoryCollectionViewCell.swift; sourceTree = "<group>"; };
		40506C052A9E77160058332A /* RecentRecipeCollectionViewCell.swift */ = {isa = PBXFileReference; lastKnownFileType = sourcecode.swift; path = RecentRecipeCollectionViewCell.swift; sourceTree = "<group>"; };
		40506C072A9E79C50058332A /* PopularCreatorsCollectionViewCell.swift */ = {isa = PBXFileReference; lastKnownFileType = sourcecode.swift; path = PopularCreatorsCollectionViewCell.swift; sourceTree = "<group>"; };
		40569B412A9FEA7F00C87666 /* SwitchPopularCategoryCollectionViewCell.swift */ = {isa = PBXFileReference; lastKnownFileType = sourcecode.swift; path = SwitchPopularCategoryCollectionViewCell.swift; sourceTree = "<group>"; };
		40569B432A9FF3F700C87666 /* UICollectionView + App.swift */ = {isa = PBXFileReference; lastKnownFileType = sourcecode.swift; path = "UICollectionView + App.swift"; sourceTree = "<group>"; };
		40569B452A9FFB5800C87666 /* UIButton + App.swift */ = {isa = PBXFileReference; lastKnownFileType = sourcecode.swift; path = "UIButton + App.swift"; sourceTree = "<group>"; };
		40569B472AA0B3F500C87666 /* UIView + App.swift */ = {isa = PBXFileReference; lastKnownFileType = sourcecode.swift; path = "UIView + App.swift"; sourceTree = "<group>"; };
		40569B4B2AA3547F00C87666 /* PopularCategoryModel2.swift */ = {isa = PBXFileReference; lastKnownFileType = sourcecode.swift; path = PopularCategoryModel2.swift; sourceTree = "<group>"; };
		40569B4D2AA3905500C87666 /* ReadyInMinutesModel.swift */ = {isa = PBXFileReference; lastKnownFileType = sourcecode.swift; path = ReadyInMinutesModel.swift; sourceTree = "<group>"; };
		40569B552AA4AD1800C87666 /* RecentRecipeModel.swift */ = {isa = PBXFileReference; lastKnownFileType = sourcecode.swift; path = RecentRecipeModel.swift; sourceTree = "<group>"; };
		40569B582AA4F35200C87666 /* Extension HomeViewController.swift */ = {isa = PBXFileReference; lastKnownFileType = sourcecode.swift; path = "Extension HomeViewController.swift"; sourceTree = "<group>"; };
		40569B5A2AA5B8AB00C87666 /* NavigationBar.swift */ = {isa = PBXFileReference; lastKnownFileType = sourcecode.swift; path = NavigationBar.swift; sourceTree = "<group>"; };
		40569B5D2AA5C24700C87666 /* SavedRecipeModel.swift */ = {isa = PBXFileReference; lastKnownFileType = sourcecode.swift; path = SavedRecipeModel.swift; sourceTree = "<group>"; };
		40569B602AA62F4000C87666 /* SearchRecipeViewController.swift */ = {isa = PBXFileReference; lastKnownFileType = sourcecode.swift; path = SearchRecipeViewController.swift; sourceTree = "<group>"; };
		40569B622AA62FFF00C87666 /* SearchRecipeTableViewCell.swift */ = {isa = PBXFileReference; lastKnownFileType = sourcecode.swift; path = SearchRecipeTableViewCell.swift; sourceTree = "<group>"; };
		4084C2262A9D2FE900842DEF /* SearchRecipeModel.swift */ = {isa = PBXFileReference; lastKnownFileType = sourcecode.swift; path = SearchRecipeModel.swift; sourceTree = "<group>"; };
		4084C22C2A9D367100842DEF /* InformationAboutIngradientModel.swift */ = {isa = PBXFileReference; lastKnownFileType = sourcecode.swift; path = InformationAboutIngradientModel.swift; sourceTree = "<group>"; };
		40EE66FE2A9DED9B00461299 /* PopularCategoryModel.swift */ = {isa = PBXFileReference; lastKnownFileType = sourcecode.swift; path = PopularCategoryModel.swift; sourceTree = "<group>"; };
		40EE67022A9E160900461299 /* NetworkService.swift */ = {isa = PBXFileReference; lastKnownFileType = sourcecode.swift; path = NetworkService.swift; sourceTree = "<group>"; };
		40EE67042A9E1CD500461299 /* URLGenerate.swift */ = {isa = PBXFileReference; lastKnownFileType = sourcecode.swift; path = URLGenerate.swift; sourceTree = "<group>"; };
		4CE0980E2A9E8034000D17F6 /* CastomTableViewCell.swift */ = {isa = PBXFileReference; lastKnownFileType = sourcecode.swift; path = CastomTableViewCell.swift; sourceTree = "<group>"; };
		4CE098102AA906DA000D17F6 /* GoogleService-Info.plist */ = {isa = PBXFileReference; fileEncoding = 4; lastKnownFileType = text.plist.xml; name = "GoogleService-Info.plist"; path = "../../../../Downloads/GoogleService-Info.plist"; sourceTree = "<group>"; };
		4CE098172AA90A2D000D17F6 /* FireBaseAuthManager.swift */ = {isa = PBXFileReference; lastKnownFileType = sourcecode.swift; path = FireBaseAuthManager.swift; sourceTree = "<group>"; };
		4CE098192AA90BB7000D17F6 /* UserAuthData.swift */ = {isa = PBXFileReference; lastKnownFileType = sourcecode.swift; path = UserAuthData.swift; sourceTree = "<group>"; };
		4CE0981C2AACED13000D17F6 /* LoginViewController.swift */ = {isa = PBXFileReference; lastKnownFileType = sourcecode.swift; path = LoginViewController.swift; sourceTree = "<group>"; };
		522A7DDD2AA1F76700BE821F /* DetailModel.swift */ = {isa = PBXFileReference; lastKnownFileType = sourcecode.swift; path = DetailModel.swift; sourceTree = "<group>"; };
		52EC938C2AA5D982006A959C /* ProfileViewController.swift */ = {isa = PBXFileReference; lastKnownFileType = sourcecode.swift; path = ProfileViewController.swift; sourceTree = "<group>"; };
		52EC938E2AA5DE73006A959C /* MyProfileCell.swift */ = {isa = PBXFileReference; lastKnownFileType = sourcecode.swift; path = MyProfileCell.swift; sourceTree = "<group>"; };
		52EC93902AA5E885006A959C /* MyRecipesCell.swift */ = {isa = PBXFileReference; lastKnownFileType = sourcecode.swift; path = MyRecipesCell.swift; sourceTree = "<group>"; };
		52EC93922AA5EB35006A959C /* RecipeImageView.swift */ = {isa = PBXFileReference; lastKnownFileType = sourcecode.swift; path = RecipeImageView.swift; sourceTree = "<group>"; };
		79BD78DD2A9F8E2B005D5900 /* PagesViewController.swift */ = {isa = PBXFileReference; lastKnownFileType = sourcecode.swift; path = PagesViewController.swift; sourceTree = "<group>"; };
		79BD78DF2AA0605A005D5900 /* OnboardingViewController.swift */ = {isa = PBXFileReference; lastKnownFileType = sourcecode.swift; path = OnboardingViewController.swift; sourceTree = "<group>"; };
		864AAB952A9B45CD001955C7 /* RecipesApp.app */ = {isa = PBXFileReference; explicitFileType = wrapper.application; includeInIndex = 0; path = RecipesApp.app; sourceTree = BUILT_PRODUCTS_DIR; };
		864AAB982A9B45CD001955C7 /* AppDelegate.swift */ = {isa = PBXFileReference; lastKnownFileType = sourcecode.swift; path = AppDelegate.swift; sourceTree = "<group>"; };
		864AAB9A2A9B45CD001955C7 /* SceneDelegate.swift */ = {isa = PBXFileReference; lastKnownFileType = sourcecode.swift; path = SceneDelegate.swift; sourceTree = "<group>"; };
		864AABA12A9B45CE001955C7 /* Assets.xcassets */ = {isa = PBXFileReference; lastKnownFileType = folder.assetcatalog; path = Assets.xcassets; sourceTree = "<group>"; };
		864AABA42A9B45CE001955C7 /* Base */ = {isa = PBXFileReference; lastKnownFileType = file.storyboard; name = Base; path = Base.lproj/LaunchScreen.storyboard; sourceTree = "<group>"; };
		864AABA62A9B45CE001955C7 /* Info.plist */ = {isa = PBXFileReference; lastKnownFileType = text.plist.xml; path = Info.plist; sourceTree = "<group>"; };
		864AABB22A9B4876001955C7 /* MainTabBarController.swift */ = {isa = PBXFileReference; lastKnownFileType = sourcecode.swift; path = MainTabBarController.swift; sourceTree = "<group>"; };
		864AABB52A9B4A1D001955C7 /* UIColor+App.swift */ = {isa = PBXFileReference; lastKnownFileType = sourcecode.swift; path = "UIColor+App.swift"; sourceTree = "<group>"; };
		864AABB72A9B4A31001955C7 /* UIFont+App.swift */ = {isa = PBXFileReference; lastKnownFileType = sourcecode.swift; path = "UIFont+App.swift"; sourceTree = "<group>"; };
		864AABBA2A9B5461001955C7 /* Poppins-Regular.ttf */ = {isa = PBXFileReference; lastKnownFileType = file; path = "Poppins-Regular.ttf"; sourceTree = "<group>"; };
		864AABBC2A9CBFA3001955C7 /* Poppins-Bold.ttf */ = {isa = PBXFileReference; lastKnownFileType = file; path = "Poppins-Bold.ttf"; sourceTree = "<group>"; };
		864AABBE2A9CC2E1001955C7 /* UILabel + App.swift */ = {isa = PBXFileReference; lastKnownFileType = sourcecode.swift; path = "UILabel + App.swift"; sourceTree = "<group>"; };
		864AABD02A9CCCB8001955C7 /* WelcomeViewController.swift */ = {isa = PBXFileReference; lastKnownFileType = sourcecode.swift; path = WelcomeViewController.swift; sourceTree = "<group>"; };
		864AABD22A9CCCC5001955C7 /* HomeViewController.swift */ = {isa = PBXFileReference; lastKnownFileType = sourcecode.swift; path = HomeViewController.swift; sourceTree = "<group>"; };
		864AABD42A9CCCCF001955C7 /* DiscoverViewController.swift */ = {isa = PBXFileReference; lastKnownFileType = sourcecode.swift; path = DiscoverViewController.swift; sourceTree = "<group>"; };
		864AABD72A9CCCE4001955C7 /* RecipeDetailViewController.swift */ = {isa = PBXFileReference; lastKnownFileType = sourcecode.swift; path = RecipeDetailViewController.swift; sourceTree = "<group>"; };
		8682CC822AA7418800F7D078 /* CreateRecipeViewController.swift */ = {isa = PBXFileReference; fileEncoding = 4; lastKnownFileType = sourcecode.swift; path = CreateRecipeViewController.swift; sourceTree = "<group>"; };
		8682CC842AA7418800F7D078 /* HeaderView.swift */ = {isa = PBXFileReference; fileEncoding = 4; lastKnownFileType = sourcecode.swift; path = HeaderView.swift; sourceTree = "<group>"; };
		8682CC872AA741B900F7D078 /* CreateRecipeTextField.swift */ = {isa = PBXFileReference; fileEncoding = 4; lastKnownFileType = sourcecode.swift; path = CreateRecipeTextField.swift; sourceTree = "<group>"; };
		8682CC892AA742F900F7D078 /* CreateRecipeView.swift */ = {isa = PBXFileReference; lastKnownFileType = sourcecode.swift; path = CreateRecipeView.swift; sourceTree = "<group>"; };
		8695E01D2AA9ED330093B18E /* FooterView.swift */ = {isa = PBXFileReference; lastKnownFileType = sourcecode.swift; path = FooterView.swift; sourceTree = "<group>"; };
		8695E0232AA9EF660093B18E /* IngredientsCollectionViewCell.swift */ = {isa = PBXFileReference; lastKnownFileType = sourcecode.swift; path = IngredientsCollectionViewCell.swift; sourceTree = "<group>"; };
		8695E0272AAA1B9F0093B18E /* IngredientsItemModel.swift */ = {isa = PBXFileReference; fileEncoding = 4; lastKnownFileType = sourcecode.swift; path = IngredientsItemModel.swift; sourceTree = "<group>"; };
		86AA64962AA125BB00270237 /* InstructionCell.swift */ = {isa = PBXFileReference; fileEncoding = 4; lastKnownFileType = sourcecode.swift; path = InstructionCell.swift; sourceTree = "<group>"; };
		86AA64972AA125BB00270237 /* IngredientCell.swift */ = {isa = PBXFileReference; fileEncoding = 4; lastKnownFileType = sourcecode.swift; path = IngredientCell.swift; sourceTree = "<group>"; };
		86FBB5602AA8C2DE00B370F2 /* ServesTableViewController.swift */ = {isa = PBXFileReference; lastKnownFileType = sourcecode.swift; path = ServesTableViewController.swift; sourceTree = "<group>"; };
		86FBB5642AA8D53C00B370F2 /* CookTimeView.swift */ = {isa = PBXFileReference; lastKnownFileType = sourcecode.swift; path = CookTimeView.swift; sourceTree = "<group>"; };
		86FBB5662AA8E90800B370F2 /* CookTimeTableViewController.swift */ = {isa = PBXFileReference; lastKnownFileType = sourcecode.swift; path = CookTimeTableViewController.swift; sourceTree = "<group>"; };
		C34A5FBA2A9DE9F100EBC15E /* SeeAllViewController.swift */ = {isa = PBXFileReference; lastKnownFileType = sourcecode.swift; path = SeeAllViewController.swift; sourceTree = "<group>"; };
		C34A5FBE2A9F331C00EBC15E /* CustomCell.swift */ = {isa = PBXFileReference; lastKnownFileType = sourcecode.swift; path = CustomCell.swift; sourceTree = "<group>"; };
		C34A5FC02A9F506500EBC15E /* RatingView.swift */ = {isa = PBXFileReference; lastKnownFileType = sourcecode.swift; path = RatingView.swift; sourceTree = "<group>"; };
		C34A5FC22A9F7C8000EBC15E /* SeeAllTableView.swift */ = {isa = PBXFileReference; lastKnownFileType = sourcecode.swift; path = SeeAllTableView.swift; sourceTree = "<group>"; };
/* End PBXFileReference section */

/* Begin PBXFrameworksBuildPhase section */
		864AAB922A9B45CD001955C7 /* Frameworks */ = {
			isa = PBXFrameworksBuildPhase;
			buildActionMask = 2147483647;
			files = (
				40569B542AA49F2600C87666 /* AlertKit in Frameworks */,
				4CE098142AA90788000D17F6 /* FirebaseAuth in Frameworks */,
				40569B512AA4970B00C87666 /* RealmSwift in Frameworks */,
				863B3D402A9D1B0400187864 /* Kingfisher in Frameworks */,
				4CE0980D2A9E7FCE000D17F6 /* SnapKit in Frameworks */,
				4CE098162AA90788000D17F6 /* FirebaseStorage in Frameworks */,
			);
			runOnlyForDeploymentPostprocessing = 0;
		};
/* End PBXFrameworksBuildPhase section */

/* Begin PBXGroup section */
		40506C002A9E63CE0058332A /* Views */ = {
			isa = PBXGroup;
			children = (
				40506C012A9E64030058332A /* TrendingNowCollectionViewCell.swift */,
				40506C032A9E6F7F0058332A /* PopularCategoryCollectionViewCell.swift */,
				40506C052A9E77160058332A /* RecentRecipeCollectionViewCell.swift */,
				40506C072A9E79C50058332A /* PopularCreatorsCollectionViewCell.swift */,
				40569B412A9FEA7F00C87666 /* SwitchPopularCategoryCollectionViewCell.swift */,
			);
			path = Views;
			sourceTree = "<group>";
		};
		40569B572AA4AD2300C87666 /* Model */ = {
			isa = PBXGroup;
			children = (
				40569B552AA4AD1800C87666 /* RecentRecipeModel.swift */,
			);
			path = Model;
			sourceTree = "<group>";
		};
		40569B5C2AA5C23800C87666 /* Models */ = {
			isa = PBXGroup;
			children = (
				40569B5D2AA5C24700C87666 /* SavedRecipeModel.swift */,
			);
			path = Models;
			sourceTree = "<group>";
		};
		40569B5F2AA62ED500C87666 /* SearchRecipe */ = {
			isa = PBXGroup;
			children = (
				40569B602AA62F4000C87666 /* SearchRecipeViewController.swift */,
				40569B622AA62FFF00C87666 /* SearchRecipeTableViewCell.swift */,
			);
			path = SearchRecipe;
			sourceTree = "<group>";
		};
		4084C21B2A9D2CDF00842DEF /* APIManager */ = {
			isa = PBXGroup;
			children = (
				40EE67022A9E160900461299 /* NetworkService.swift */,
				40EE67042A9E1CD500461299 /* URLGenerate.swift */,
			);
			path = APIManager;
			sourceTree = "<group>";
		};
		4084C2252A9D2FC000842DEF /* APIModels */ = {
			isa = PBXGroup;
			children = (
				4084C2262A9D2FE900842DEF /* SearchRecipeModel.swift */,
				40EE66FE2A9DED9B00461299 /* PopularCategoryModel.swift */,
				4084C22C2A9D367100842DEF /* InformationAboutIngradientModel.swift */,
				40569B4B2AA3547F00C87666 /* PopularCategoryModel2.swift */,
				40569B4D2AA3905500C87666 /* ReadyInMinutesModel.swift */,
			);
			path = APIModels;
			sourceTree = "<group>";
		};
		4CE0981B2AACECDE000D17F6 /* LoginModule */ = {
			isa = PBXGroup;
			children = (
				4CE0981C2AACED13000D17F6 /* LoginViewController.swift */,
			);
			path = LoginModule;
			sourceTree = "<group>";
		};
		522A7DDC2AA1F75100BE821F /* Model */ = {
			isa = PBXGroup;
			children = (
				522A7DDD2AA1F76700BE821F /* DetailModel.swift */,
			);
			path = Model;
			sourceTree = "<group>";
		};
		52EC93892AA5D92B006A959C /* ProfileViewController */ = {
			isa = PBXGroup;
			children = (
				52EC938B2AA5D963006A959C /* View */,
				52EC938A2AA5D95A006A959C /* Controller */,
			);
			path = ProfileViewController;
			sourceTree = "<group>";
		};
		52EC938A2AA5D95A006A959C /* Controller */ = {
			isa = PBXGroup;
			children = (
				52EC938C2AA5D982006A959C /* ProfileViewController.swift */,
			);
			path = Controller;
			sourceTree = "<group>";
		};
		52EC938B2AA5D963006A959C /* View */ = {
			isa = PBXGroup;
			children = (
				52EC938E2AA5DE73006A959C /* MyProfileCell.swift */,
				52EC93902AA5E885006A959C /* MyRecipesCell.swift */,
				52EC93922AA5EB35006A959C /* RecipeImageView.swift */,
			);
			path = View;
			sourceTree = "<group>";
		};
		864AAB8C2A9B45CD001955C7 = {
			isa = PBXGroup;
			children = (
				864AAB972A9B45CD001955C7 /* RecipesApp */,
				864AAB962A9B45CD001955C7 /* Products */,
			);
			sourceTree = "<group>";
		};
		864AAB962A9B45CD001955C7 /* Products */ = {
			isa = PBXGroup;
			children = (
				864AAB952A9B45CD001955C7 /* RecipesApp.app */,
			);
			name = Products;
			sourceTree = "<group>";
		};
		864AAB972A9B45CD001955C7 /* RecipesApp */ = {
			isa = PBXGroup;
			children = (
				864AABAC2A9B47F5001955C7 /* Common */,
				864AABAD2A9B4808001955C7 /* Modules */,
				864AABAE2A9B4825001955C7 /* UIConstants */,
				864AABB02A9B4834001955C7 /* Service */,
				864AABB42A9B4887001955C7 /* Applecation */,
			);
			path = RecipesApp;
			sourceTree = "<group>";
		};
		864AABAC2A9B47F5001955C7 /* Common */ = {
			isa = PBXGroup;
			children = (
				4084C21B2A9D2CDF00842DEF /* APIManager */,
				4084C2252A9D2FC000842DEF /* APIModels */,
			);
			path = Common;
			sourceTree = "<group>";
		};
		864AABAD2A9B4808001955C7 /* Modules */ = {
			isa = PBXGroup;
			children = (
				4CE0981B2AACECDE000D17F6 /* LoginModule */,
				40569B5F2AA62ED500C87666 /* SearchRecipe */,
				C34A5FB62A9DE9BD00EBC15E /* SeeAll */,
				864AABC12A9CC468001955C7 /* Welcome */,
				864AABC02A9CC448001955C7 /* Home */,
				864AABC22A9CC59A001955C7 /* Discover */,
				864AABC32A9CCBF3001955C7 /* RecipeDetail */,
				52EC93892AA5D92B006A959C /* ProfileViewController */,
				8682CC7F2AA7418800F7D078 /* CreateRecipe */,
			);
			path = Modules;
			sourceTree = "<group>";
		};
		864AABAE2A9B4825001955C7 /* UIConstants */ = {
			isa = PBXGroup;
			children = (
				864AABAF2A9B4828001955C7 /* UIKit */,
				864AABB52A9B4A1D001955C7 /* UIColor+App.swift */,
				864AABB72A9B4A31001955C7 /* UIFont+App.swift */,
				40569B5A2AA5B8AB00C87666 /* NavigationBar.swift */,
			);
			path = UIConstants;
			sourceTree = "<group>";
		};
		864AABAF2A9B4828001955C7 /* UIKit */ = {
			isa = PBXGroup;
			children = (
				8682CC872AA741B900F7D078 /* CreateRecipeTextField.swift */,
				8682CC892AA742F900F7D078 /* CreateRecipeView.swift */,
				864AABBE2A9CC2E1001955C7 /* UILabel + App.swift */,
				40569B432A9FF3F700C87666 /* UICollectionView + App.swift */,
				40569B452A9FFB5800C87666 /* UIButton + App.swift */,
				40569B472AA0B3F500C87666 /* UIView + App.swift */,
			);
			path = UIKit;
			sourceTree = "<group>";
		};
		864AABB02A9B4834001955C7 /* Service */ = {
			isa = PBXGroup;
			children = (
				864AABB22A9B4876001955C7 /* MainTabBarController.swift */,
				4CE098172AA90A2D000D17F6 /* FireBaseAuthManager.swift */,
				4CE098192AA90BB7000D17F6 /* UserAuthData.swift */,
			);
			path = Service;
			sourceTree = "<group>";
		};
		864AABB42A9B4887001955C7 /* Applecation */ = {
			isa = PBXGroup;
			children = (
				4CE098102AA906DA000D17F6 /* GoogleService-Info.plist */,
				864AABB92A9B5444001955C7 /* Fonts */,
				864AAB982A9B45CD001955C7 /* AppDelegate.swift */,
				864AAB9A2A9B45CD001955C7 /* SceneDelegate.swift */,
				864AABA12A9B45CE001955C7 /* Assets.xcassets */,
				864AABA32A9B45CE001955C7 /* LaunchScreen.storyboard */,
				864AABA62A9B45CE001955C7 /* Info.plist */,
			);
			path = Applecation;
			sourceTree = "<group>";
		};
		864AABB92A9B5444001955C7 /* Fonts */ = {
			isa = PBXGroup;
			children = (
				864AABBC2A9CBFA3001955C7 /* Poppins-Bold.ttf */,
				864AABBA2A9B5461001955C7 /* Poppins-Regular.ttf */,
			);
			path = Fonts;
			sourceTree = "<group>";
		};
		864AABC02A9CC448001955C7 /* Home */ = {
			isa = PBXGroup;
			children = (
				40569B572AA4AD2300C87666 /* Model */,
				40506C002A9E63CE0058332A /* Views */,
				864AABC72A9CCC5F001955C7 /* Controllers */,
			);
			path = Home;
			sourceTree = "<group>";
		};
		864AABC12A9CC468001955C7 /* Welcome */ = {
			isa = PBXGroup;
			children = (
				864AABC62A9CCC2D001955C7 /* Models */,
				864AABC52A9CCC2B001955C7 /* Views */,
				864AABC42A9CCC29001955C7 /* Controllers */,
			);
			path = Welcome;
			sourceTree = "<group>";
		};
		864AABC22A9CC59A001955C7 /* Discover */ = {
			isa = PBXGroup;
			children = (
				40569B5C2AA5C23800C87666 /* Models */,
				864AABCA2A9CCC65001955C7 /* Controllers */,
			);
			path = Discover;
			sourceTree = "<group>";
		};
		864AABC32A9CCBF3001955C7 /* RecipeDetail */ = {
			isa = PBXGroup;
			children = (
				522A7DDC2AA1F75100BE821F /* Model */,
				86AA64952AA125BB00270237 /* Views */,
				864AABCD2A9CCC6A001955C7 /* Controllers */,
			);
			path = RecipeDetail;
			sourceTree = "<group>";
		};
		864AABC42A9CCC29001955C7 /* Controllers */ = {
			isa = PBXGroup;
			children = (
				864AABD02A9CCCB8001955C7 /* WelcomeViewController.swift */,
				79BD78DD2A9F8E2B005D5900 /* PagesViewController.swift */,
				79BD78DF2AA0605A005D5900 /* OnboardingViewController.swift */,
			);
			path = Controllers;
			sourceTree = "<group>";
		};
		864AABC52A9CCC2B001955C7 /* Views */ = {
			isa = PBXGroup;
			children = (
			);
			path = Views;
			sourceTree = "<group>";
		};
		864AABC62A9CCC2D001955C7 /* Models */ = {
			isa = PBXGroup;
			children = (
			);
			path = Models;
			sourceTree = "<group>";
		};
		864AABC72A9CCC5F001955C7 /* Controllers */ = {
			isa = PBXGroup;
			children = (
				864AABD22A9CCCC5001955C7 /* HomeViewController.swift */,
				40569B582AA4F35200C87666 /* Extension HomeViewController.swift */,
			);
			path = Controllers;
			sourceTree = "<group>";
		};
		864AABCA2A9CCC65001955C7 /* Controllers */ = {
			isa = PBXGroup;
			children = (
				864AABD42A9CCCCF001955C7 /* DiscoverViewController.swift */,
				4CE0980E2A9E8034000D17F6 /* CastomTableViewCell.swift */,
			);
			path = Controllers;
			sourceTree = "<group>";
		};
		864AABCD2A9CCC6A001955C7 /* Controllers */ = {
			isa = PBXGroup;
			children = (
				864AABD72A9CCCE4001955C7 /* RecipeDetailViewController.swift */,
			);
			path = Controllers;
			sourceTree = "<group>";
		};
		8682CC7F2AA7418800F7D078 /* CreateRecipe */ = {
			isa = PBXGroup;
			children = (
				8682CC802AA7418800F7D078 /* Models */,
				8682CC832AA7418800F7D078 /* Views */,
				8682CC812AA7418800F7D078 /* Controllers */,
			);
			path = CreateRecipe;
			sourceTree = "<group>";
		};
		8682CC802AA7418800F7D078 /* Models */ = {
			isa = PBXGroup;
			children = (
				8695E0272AAA1B9F0093B18E /* IngredientsItemModel.swift */,
			);
			path = Models;
			sourceTree = "<group>";
		};
		8682CC812AA7418800F7D078 /* Controllers */ = {
			isa = PBXGroup;
			children = (
				8682CC822AA7418800F7D078 /* CreateRecipeViewController.swift */,
			);
			path = Controllers;
			sourceTree = "<group>";
		};
		8682CC832AA7418800F7D078 /* Views */ = {
			isa = PBXGroup;
			children = (
				8695E0222AA9EF450093B18E /* Cell */,
				86FBB5632AA8D50B00B370F2 /* TableView */,
				8682CC842AA7418800F7D078 /* HeaderView.swift */,
				86FBB5642AA8D53C00B370F2 /* CookTimeView.swift */,
				8695E01D2AA9ED330093B18E /* FooterView.swift */,
			);
			path = Views;
			sourceTree = "<group>";
		};
		8695E0222AA9EF450093B18E /* Cell */ = {
			isa = PBXGroup;
			children = (
				8695E0232AA9EF660093B18E /* IngredientsCollectionViewCell.swift */,
			);
			path = Cell;
			sourceTree = "<group>";
		};
		86AA64952AA125BB00270237 /* Views */ = {
			isa = PBXGroup;
			children = (
				86AA64962AA125BB00270237 /* InstructionCell.swift */,
				86AA64972AA125BB00270237 /* IngredientCell.swift */,
			);
			path = Views;
			sourceTree = "<group>";
		};
		86FBB5632AA8D50B00B370F2 /* TableView */ = {
			isa = PBXGroup;
			children = (
				86FBB5602AA8C2DE00B370F2 /* ServesTableViewController.swift */,
				86FBB5662AA8E90800B370F2 /* CookTimeTableViewController.swift */,
			);
			path = TableView;
			sourceTree = "<group>";
		};
		C34A5FB62A9DE9BD00EBC15E /* SeeAll */ = {
			isa = PBXGroup;
			children = (
				C34A5FB72A9DE9CD00EBC15E /* Models */,
				C34A5FB82A9DE9D400EBC15E /* Views */,
				C34A5FB92A9DE9DC00EBC15E /* Controllers */,
			);
			path = SeeAll;
			sourceTree = "<group>";
		};
		C34A5FB72A9DE9CD00EBC15E /* Models */ = {
			isa = PBXGroup;
			children = (
			);
			path = Models;
			sourceTree = "<group>";
		};
		C34A5FB82A9DE9D400EBC15E /* Views */ = {
			isa = PBXGroup;
			children = (
				C34A5FBE2A9F331C00EBC15E /* CustomCell.swift */,
				C34A5FC02A9F506500EBC15E /* RatingView.swift */,
				C34A5FC22A9F7C8000EBC15E /* SeeAllTableView.swift */,
			);
			path = Views;
			sourceTree = "<group>";
		};
		C34A5FB92A9DE9DC00EBC15E /* Controllers */ = {
			isa = PBXGroup;
			children = (
				C34A5FBA2A9DE9F100EBC15E /* SeeAllViewController.swift */,
			);
			path = Controllers;
			sourceTree = "<group>";
		};
/* End PBXGroup section */

/* Begin PBXNativeTarget section */
		864AAB942A9B45CD001955C7 /* RecipesApp */ = {
			isa = PBXNativeTarget;
			buildConfigurationList = 864AABA92A9B45CE001955C7 /* Build configuration list for PBXNativeTarget "RecipesApp" */;
			buildPhases = (
				864AAB912A9B45CD001955C7 /* Sources */,
				864AAB922A9B45CD001955C7 /* Frameworks */,
				864AAB932A9B45CD001955C7 /* Resources */,
			);
			buildRules = (
			);
			dependencies = (
			);
			name = RecipesApp;
			packageProductDependencies = (
				863B3D3F2A9D1B0400187864 /* Kingfisher */,
				4CE0980C2A9E7FCE000D17F6 /* SnapKit */,
				40569B502AA4970B00C87666 /* RealmSwift */,
				40569B532AA49F2600C87666 /* AlertKit */,
				4CE098132AA90788000D17F6 /* FirebaseAuth */,
				4CE098152AA90788000D17F6 /* FirebaseStorage */,
			);
			productName = RecipesApp;
			productReference = 864AAB952A9B45CD001955C7 /* RecipesApp.app */;
			productType = "com.apple.product-type.application";
		};
/* End PBXNativeTarget section */

/* Begin PBXProject section */
		864AAB8D2A9B45CD001955C7 /* Project object */ = {
			isa = PBXProject;
			attributes = {
				BuildIndependentTargetsInParallel = 1;
				LastSwiftUpdateCheck = 1430;
				LastUpgradeCheck = 1430;
				TargetAttributes = {
					864AAB942A9B45CD001955C7 = {
						CreatedOnToolsVersion = 14.3.1;
					};
				};
			};
			buildConfigurationList = 864AAB902A9B45CD001955C7 /* Build configuration list for PBXProject "RecipesApp" */;
			compatibilityVersion = "Xcode 14.0";
			developmentRegion = en;
			hasScannedForEncodings = 0;
			knownRegions = (
				en,
				Base,
			);
			mainGroup = 864AAB8C2A9B45CD001955C7;
			packageReferences = (
				863B3D3E2A9D1B0400187864 /* XCRemoteSwiftPackageReference "Kingfisher" */,
				4CE0980B2A9E7FCE000D17F6 /* XCRemoteSwiftPackageReference "SnapKit" */,
				40569B4F2AA4970B00C87666 /* XCRemoteSwiftPackageReference "realm-swift" */,
				40569B522AA49F2600C87666 /* XCRemoteSwiftPackageReference "AlertKit" */,
				4CE098122AA90788000D17F6 /* XCRemoteSwiftPackageReference "firebase-ios-sdk" */,
			);
			productRefGroup = 864AAB962A9B45CD001955C7 /* Products */;
			projectDirPath = "";
			projectRoot = "";
			targets = (
				864AAB942A9B45CD001955C7 /* RecipesApp */,
			);
		};
/* End PBXProject section */

/* Begin PBXResourcesBuildPhase section */
		864AAB932A9B45CD001955C7 /* Resources */ = {
			isa = PBXResourcesBuildPhase;
			buildActionMask = 2147483647;
			files = (
				864AABBB2A9B5461001955C7 /* Poppins-Regular.ttf in Resources */,
				864AABA52A9B45CE001955C7 /* LaunchScreen.storyboard in Resources */,
				4CE098112AA906DA000D17F6 /* GoogleService-Info.plist in Resources */,
				864AABA22A9B45CE001955C7 /* Assets.xcassets in Resources */,
				864AABBD2A9CBFA3001955C7 /* Poppins-Bold.ttf in Resources */,
			);
			runOnlyForDeploymentPostprocessing = 0;
		};
/* End PBXResourcesBuildPhase section */

/* Begin PBXSourcesBuildPhase section */
		864AAB912A9B45CD001955C7 /* Sources */ = {
			isa = PBXSourcesBuildPhase;
			buildActionMask = 2147483647;
			files = (
				40569B562AA4AD1800C87666 /* RecentRecipeModel.swift in Sources */,
				8695E0282AAA1B9F0093B18E /* IngredientsItemModel.swift in Sources */,
				864AABD52A9CCCCF001955C7 /* DiscoverViewController.swift in Sources */,
				40506C022A9E64030058332A /* TrendingNowCollectionViewCell.swift in Sources */,
				40EE67032A9E160900461299 /* NetworkService.swift in Sources */,
				40569B422A9FEA7F00C87666 /* SwitchPopularCategoryCollectionViewCell.swift in Sources */,
				86FBB5612AA8C2DE00B370F2 /* ServesTableViewController.swift in Sources */,
				40569B4E2AA3905500C87666 /* ReadyInMinutesModel.swift in Sources */,
				864AABBF2A9CC2E1001955C7 /* UILabel + App.swift in Sources */,
				52EC938D2AA5D982006A959C /* ProfileViewController.swift in Sources */,
				4CE0980F2A9E8034000D17F6 /* CastomTableViewCell.swift in Sources */,
				864AAB992A9B45CD001955C7 /* AppDelegate.swift in Sources */,
				40569B592AA4F35200C87666 /* Extension HomeViewController.swift in Sources */,
				864AABB82A9B4A31001955C7 /* UIFont+App.swift in Sources */,
				4CE0981D2AACED13000D17F6 /* LoginViewController.swift in Sources */,
				52EC938F2AA5DE73006A959C /* MyProfileCell.swift in Sources */,
				4084C2272A9D2FE900842DEF /* SearchRecipeModel.swift in Sources */,
				4CE098182AA90A2D000D17F6 /* FireBaseAuthManager.swift in Sources */,
				40EE67052A9E1CD500461299 /* URLGenerate.swift in Sources */,
				522A7DDE2AA1F76700BE821F /* DetailModel.swift in Sources */,
				864AABD32A9CCCC5001955C7 /* HomeViewController.swift in Sources */,
				86FBB5672AA8E90800B370F2 /* CookTimeTableViewController.swift in Sources */,
				40569B4C2AA3547F00C87666 /* PopularCategoryModel2.swift in Sources */,
				40569B612AA62F4000C87666 /* SearchRecipeViewController.swift in Sources */,
				40569B462A9FFB5800C87666 /* UIButton + App.swift in Sources */,
				864AABB62A9B4A1D001955C7 /* UIColor+App.swift in Sources */,
				40506C062A9E77160058332A /* RecentRecipeCollectionViewCell.swift in Sources */,
				4CE0981A2AA90BB7000D17F6 /* UserAuthData.swift in Sources */,
				8695E01E2AA9ED330093B18E /* FooterView.swift in Sources */,
				4084C22D2A9D367100842DEF /* InformationAboutIngradientModel.swift in Sources */,
				864AABB32A9B4876001955C7 /* MainTabBarController.swift in Sources */,
				8695E0242AA9EF660093B18E /* IngredientsCollectionViewCell.swift in Sources */,
				C34A5FC12A9F506500EBC15E /* RatingView.swift in Sources */,
				C34A5FC32A9F7C8000EBC15E /* SeeAllTableView.swift in Sources */,
				52EC93912AA5E885006A959C /* MyRecipesCell.swift in Sources */,
				8682CC882AA741B900F7D078 /* CreateRecipeTextField.swift in Sources */,
				8682CC862AA7418800F7D078 /* HeaderView.swift in Sources */,
				C34A5FBB2A9DE9F100EBC15E /* SeeAllViewController.swift in Sources */,
				40569B632AA62FFF00C87666 /* SearchRecipeTableViewCell.swift in Sources */,
				40569B5E2AA5C24700C87666 /* SavedRecipeModel.swift in Sources */,
				86FBB5652AA8D53C00B370F2 /* CookTimeView.swift in Sources */,
				52EC93932AA5EB35006A959C /* RecipeImageView.swift in Sources */,
				C34A5FBF2A9F331C00EBC15E /* CustomCell.swift in Sources */,
				79BD78E02AA0605A005D5900 /* OnboardingViewController.swift in Sources */,
				864AAB9B2A9B45CD001955C7 /* SceneDelegate.swift in Sources */,
				40569B442A9FF3F700C87666 /* UICollectionView + App.swift in Sources */,
				40569B482AA0B3F500C87666 /* UIView + App.swift in Sources */,
				40506C042A9E6F7F0058332A /* PopularCategoryCollectionViewCell.swift in Sources */,
				86AA64992AA125BB00270237 /* IngredientCell.swift in Sources */,
				8682CC852AA7418800F7D078 /* CreateRecipeViewController.swift in Sources */,
				86AA64982AA125BB00270237 /* InstructionCell.swift in Sources */,
				864AABD82A9CCCE4001955C7 /* RecipeDetailViewController.swift in Sources */,
				79BD78DE2A9F8E2B005D5900 /* PagesViewController.swift in Sources */,
				864AABD12A9CCCB8001955C7 /* WelcomeViewController.swift in Sources */,
				40EE66FF2A9DED9B00461299 /* PopularCategoryModel.swift in Sources */,
				40506C082A9E79C50058332A /* PopularCreatorsCollectionViewCell.swift in Sources */,
				40569B5B2AA5B8AB00C87666 /* NavigationBar.swift in Sources */,
				8682CC8A2AA742F900F7D078 /* CreateRecipeView.swift in Sources */,
			);
			runOnlyForDeploymentPostprocessing = 0;
		};
/* End PBXSourcesBuildPhase section */

/* Begin PBXVariantGroup section */
		864AABA32A9B45CE001955C7 /* LaunchScreen.storyboard */ = {
			isa = PBXVariantGroup;
			children = (
				864AABA42A9B45CE001955C7 /* Base */,
			);
			name = LaunchScreen.storyboard;
			sourceTree = "<group>";
		};
/* End PBXVariantGroup section */

/* Begin XCBuildConfiguration section */
		864AABA72A9B45CE001955C7 /* Debug */ = {
			isa = XCBuildConfiguration;
			buildSettings = {
				ALWAYS_SEARCH_USER_PATHS = NO;
				CLANG_ANALYZER_NONNULL = YES;
				CLANG_ANALYZER_NUMBER_OBJECT_CONVERSION = YES_AGGRESSIVE;
				CLANG_CXX_LANGUAGE_STANDARD = "gnu++20";
				CLANG_ENABLE_MODULES = YES;
				CLANG_ENABLE_OBJC_ARC = YES;
				CLANG_ENABLE_OBJC_WEAK = YES;
				CLANG_WARN_BLOCK_CAPTURE_AUTORELEASING = YES;
				CLANG_WARN_BOOL_CONVERSION = YES;
				CLANG_WARN_COMMA = YES;
				CLANG_WARN_CONSTANT_CONVERSION = YES;
				CLANG_WARN_DEPRECATED_OBJC_IMPLEMENTATIONS = YES;
				CLANG_WARN_DIRECT_OBJC_ISA_USAGE = YES_ERROR;
				CLANG_WARN_DOCUMENTATION_COMMENTS = YES;
				CLANG_WARN_EMPTY_BODY = YES;
				CLANG_WARN_ENUM_CONVERSION = YES;
				CLANG_WARN_INFINITE_RECURSION = YES;
				CLANG_WARN_INT_CONVERSION = YES;
				CLANG_WARN_NON_LITERAL_NULL_CONVERSION = YES;
				CLANG_WARN_OBJC_IMPLICIT_RETAIN_SELF = YES;
				CLANG_WARN_OBJC_LITERAL_CONVERSION = YES;
				CLANG_WARN_OBJC_ROOT_CLASS = YES_ERROR;
				CLANG_WARN_QUOTED_INCLUDE_IN_FRAMEWORK_HEADER = YES;
				CLANG_WARN_RANGE_LOOP_ANALYSIS = YES;
				CLANG_WARN_STRICT_PROTOTYPES = YES;
				CLANG_WARN_SUSPICIOUS_MOVE = YES;
				CLANG_WARN_UNGUARDED_AVAILABILITY = YES_AGGRESSIVE;
				CLANG_WARN_UNREACHABLE_CODE = YES;
				CLANG_WARN__DUPLICATE_METHOD_MATCH = YES;
				COPY_PHASE_STRIP = NO;
				DEBUG_INFORMATION_FORMAT = dwarf;
				ENABLE_STRICT_OBJC_MSGSEND = YES;
				ENABLE_TESTABILITY = YES;
				GCC_C_LANGUAGE_STANDARD = gnu11;
				GCC_DYNAMIC_NO_PIC = NO;
				GCC_NO_COMMON_BLOCKS = YES;
				GCC_OPTIMIZATION_LEVEL = 0;
				GCC_PREPROCESSOR_DEFINITIONS = (
					"DEBUG=1",
					"$(inherited)",
				);
				GCC_WARN_64_TO_32_BIT_CONVERSION = YES;
				GCC_WARN_ABOUT_RETURN_TYPE = YES_ERROR;
				GCC_WARN_UNDECLARED_SELECTOR = YES;
				GCC_WARN_UNINITIALIZED_AUTOS = YES_AGGRESSIVE;
				GCC_WARN_UNUSED_FUNCTION = YES;
				GCC_WARN_UNUSED_VARIABLE = YES;
				IPHONEOS_DEPLOYMENT_TARGET = 16.4;
				MTL_ENABLE_DEBUG_INFO = INCLUDE_SOURCE;
				MTL_FAST_MATH = YES;
				ONLY_ACTIVE_ARCH = YES;
				SDKROOT = iphoneos;
				SWIFT_ACTIVE_COMPILATION_CONDITIONS = DEBUG;
				SWIFT_OPTIMIZATION_LEVEL = "-Onone";
			};
			name = Debug;
		};
		864AABA82A9B45CE001955C7 /* Release */ = {
			isa = XCBuildConfiguration;
			buildSettings = {
				ALWAYS_SEARCH_USER_PATHS = NO;
				CLANG_ANALYZER_NONNULL = YES;
				CLANG_ANALYZER_NUMBER_OBJECT_CONVERSION = YES_AGGRESSIVE;
				CLANG_CXX_LANGUAGE_STANDARD = "gnu++20";
				CLANG_ENABLE_MODULES = YES;
				CLANG_ENABLE_OBJC_ARC = YES;
				CLANG_ENABLE_OBJC_WEAK = YES;
				CLANG_WARN_BLOCK_CAPTURE_AUTORELEASING = YES;
				CLANG_WARN_BOOL_CONVERSION = YES;
				CLANG_WARN_COMMA = YES;
				CLANG_WARN_CONSTANT_CONVERSION = YES;
				CLANG_WARN_DEPRECATED_OBJC_IMPLEMENTATIONS = YES;
				CLANG_WARN_DIRECT_OBJC_ISA_USAGE = YES_ERROR;
				CLANG_WARN_DOCUMENTATION_COMMENTS = YES;
				CLANG_WARN_EMPTY_BODY = YES;
				CLANG_WARN_ENUM_CONVERSION = YES;
				CLANG_WARN_INFINITE_RECURSION = YES;
				CLANG_WARN_INT_CONVERSION = YES;
				CLANG_WARN_NON_LITERAL_NULL_CONVERSION = YES;
				CLANG_WARN_OBJC_IMPLICIT_RETAIN_SELF = YES;
				CLANG_WARN_OBJC_LITERAL_CONVERSION = YES;
				CLANG_WARN_OBJC_ROOT_CLASS = YES_ERROR;
				CLANG_WARN_QUOTED_INCLUDE_IN_FRAMEWORK_HEADER = YES;
				CLANG_WARN_RANGE_LOOP_ANALYSIS = YES;
				CLANG_WARN_STRICT_PROTOTYPES = YES;
				CLANG_WARN_SUSPICIOUS_MOVE = YES;
				CLANG_WARN_UNGUARDED_AVAILABILITY = YES_AGGRESSIVE;
				CLANG_WARN_UNREACHABLE_CODE = YES;
				CLANG_WARN__DUPLICATE_METHOD_MATCH = YES;
				COPY_PHASE_STRIP = NO;
				DEBUG_INFORMATION_FORMAT = "dwarf-with-dsym";
				ENABLE_NS_ASSERTIONS = NO;
				ENABLE_STRICT_OBJC_MSGSEND = YES;
				GCC_C_LANGUAGE_STANDARD = gnu11;
				GCC_NO_COMMON_BLOCKS = YES;
				GCC_WARN_64_TO_32_BIT_CONVERSION = YES;
				GCC_WARN_ABOUT_RETURN_TYPE = YES_ERROR;
				GCC_WARN_UNDECLARED_SELECTOR = YES;
				GCC_WARN_UNINITIALIZED_AUTOS = YES_AGGRESSIVE;
				GCC_WARN_UNUSED_FUNCTION = YES;
				GCC_WARN_UNUSED_VARIABLE = YES;
				IPHONEOS_DEPLOYMENT_TARGET = 16.4;
				MTL_ENABLE_DEBUG_INFO = NO;
				MTL_FAST_MATH = YES;
				SDKROOT = iphoneos;
				SWIFT_COMPILATION_MODE = wholemodule;
				SWIFT_OPTIMIZATION_LEVEL = "-O";
				VALIDATE_PRODUCT = YES;
			};
			name = Release;
		};
		864AABAA2A9B45CE001955C7 /* Debug */ = {
			isa = XCBuildConfiguration;
			buildSettings = {
				ASSETCATALOG_COMPILER_APPICON_NAME = AppIcon;
				ASSETCATALOG_COMPILER_GLOBAL_ACCENT_COLOR_NAME = AccentColor;
				CODE_SIGN_STYLE = Automatic;
				CURRENT_PROJECT_VERSION = 1;
				DEVELOPMENT_TEAM = 5MT2PBNQ85;
				GENERATE_INFOPLIST_FILE = YES;
				INFOPLIST_FILE = RecipesApp/Applecation/Info.plist;
				INFOPLIST_KEY_UIApplicationSupportsIndirectInputEvents = YES;
				INFOPLIST_KEY_UILaunchStoryboardName = LaunchScreen;
				INFOPLIST_KEY_UISupportedInterfaceOrientations_iPad = "UIInterfaceOrientationPortrait UIInterfaceOrientationPortraitUpsideDown UIInterfaceOrientationLandscapeLeft UIInterfaceOrientationLandscapeRight";
				INFOPLIST_KEY_UISupportedInterfaceOrientations_iPhone = "UIInterfaceOrientationPortrait UIInterfaceOrientationLandscapeLeft UIInterfaceOrientationLandscapeRight";
				IPHONEOS_DEPLOYMENT_TARGET = 14.0;
				LD_RUNPATH_SEARCH_PATHS = (
					"$(inherited)",
					"@executable_path/Frameworks",
				);
				MARKETING_VERSION = 1.0;
				PRODUCT_BUNDLE_IDENTIFIER = com.zcredi.RecipesApp;
				PRODUCT_NAME = "$(TARGET_NAME)";
				SUPPORTED_PLATFORMS = "iphoneos iphonesimulator";
				SUPPORTS_MACCATALYST = NO;
				SUPPORTS_MAC_DESIGNED_FOR_IPHONE_IPAD = NO;
				SWIFT_EMIT_LOC_STRINGS = YES;
				SWIFT_VERSION = 5.0;
				TARGETED_DEVICE_FAMILY = 1;
			};
			name = Debug;
		};
		864AABAB2A9B45CE001955C7 /* Release */ = {
			isa = XCBuildConfiguration;
			buildSettings = {
				ASSETCATALOG_COMPILER_APPICON_NAME = AppIcon;
				ASSETCATALOG_COMPILER_GLOBAL_ACCENT_COLOR_NAME = AccentColor;
				CODE_SIGN_STYLE = Automatic;
				CURRENT_PROJECT_VERSION = 1;
				DEVELOPMENT_TEAM = 5MT2PBNQ85;
				GENERATE_INFOPLIST_FILE = YES;
				INFOPLIST_FILE = RecipesApp/Applecation/Info.plist;
				INFOPLIST_KEY_UIApplicationSupportsIndirectInputEvents = YES;
				INFOPLIST_KEY_UILaunchStoryboardName = LaunchScreen;
				INFOPLIST_KEY_UISupportedInterfaceOrientations_iPad = "UIInterfaceOrientationPortrait UIInterfaceOrientationPortraitUpsideDown UIInterfaceOrientationLandscapeLeft UIInterfaceOrientationLandscapeRight";
				INFOPLIST_KEY_UISupportedInterfaceOrientations_iPhone = "UIInterfaceOrientationPortrait UIInterfaceOrientationLandscapeLeft UIInterfaceOrientationLandscapeRight";
				IPHONEOS_DEPLOYMENT_TARGET = 14.0;
				LD_RUNPATH_SEARCH_PATHS = (
					"$(inherited)",
					"@executable_path/Frameworks",
				);
				MARKETING_VERSION = 1.0;
				PRODUCT_BUNDLE_IDENTIFIER = com.zcredi.RecipesApp;
				PRODUCT_NAME = "$(TARGET_NAME)";
				SUPPORTED_PLATFORMS = "iphoneos iphonesimulator";
				SUPPORTS_MACCATALYST = NO;
				SUPPORTS_MAC_DESIGNED_FOR_IPHONE_IPAD = NO;
				SWIFT_EMIT_LOC_STRINGS = YES;
				SWIFT_VERSION = 5.0;
				TARGETED_DEVICE_FAMILY = 1;
			};
			name = Release;
		};
/* End XCBuildConfiguration section */

/* Begin XCConfigurationList section */
		864AAB902A9B45CD001955C7 /* Build configuration list for PBXProject "RecipesApp" */ = {
			isa = XCConfigurationList;
			buildConfigurations = (
				864AABA72A9B45CE001955C7 /* Debug */,
				864AABA82A9B45CE001955C7 /* Release */,
			);
			defaultConfigurationIsVisible = 0;
			defaultConfigurationName = Release;
		};
		864AABA92A9B45CE001955C7 /* Build configuration list for PBXNativeTarget "RecipesApp" */ = {
			isa = XCConfigurationList;
			buildConfigurations = (
				864AABAA2A9B45CE001955C7 /* Debug */,
				864AABAB2A9B45CE001955C7 /* Release */,
			);
			defaultConfigurationIsVisible = 0;
			defaultConfigurationName = Release;
		};
/* End XCConfigurationList section */

/* Begin XCRemoteSwiftPackageReference section */
		40569B4F2AA4970B00C87666 /* XCRemoteSwiftPackageReference "realm-swift" */ = {
			isa = XCRemoteSwiftPackageReference;
			repositoryURL = "https://github.com/realm/realm-swift.git";
			requirement = {
				branch = master;
				kind = branch;
			};
		};
		40569B522AA49F2600C87666 /* XCRemoteSwiftPackageReference "AlertKit" */ = {
			isa = XCRemoteSwiftPackageReference;
			repositoryURL = "https://github.com/sparrowcode/AlertKit.git";
			requirement = {
				kind = upToNextMajorVersion;
				minimumVersion = 5.0.0;
			};
		};
		4CE0980B2A9E7FCE000D17F6 /* XCRemoteSwiftPackageReference "SnapKit" */ = {
			isa = XCRemoteSwiftPackageReference;
			repositoryURL = "https://github.com/SnapKit/SnapKit.git";
			requirement = {
				kind = upToNextMajorVersion;
				minimumVersion = 5.0.0;
			};
		};
		4CE098122AA90788000D17F6 /* XCRemoteSwiftPackageReference "firebase-ios-sdk" */ = {
			isa = XCRemoteSwiftPackageReference;
			repositoryURL = "https://github.com/firebase/firebase-ios-sdk";
			requirement = {
				kind = upToNextMajorVersion;
				minimumVersion = 10.0.0;
			};
		};
		863B3D3E2A9D1B0400187864 /* XCRemoteSwiftPackageReference "Kingfisher" */ = {
			isa = XCRemoteSwiftPackageReference;
			repositoryURL = "https://github.com/onevcat/Kingfisher";
			requirement = {
				kind = upToNextMajorVersion;
				minimumVersion = 7.0.0;
			};
		};
/* End XCRemoteSwiftPackageReference section */

/* Begin XCSwiftPackageProductDependency section */
		40569B502AA4970B00C87666 /* RealmSwift */ = {
			isa = XCSwiftPackageProductDependency;
			package = 40569B4F2AA4970B00C87666 /* XCRemoteSwiftPackageReference "realm-swift" */;
			productName = RealmSwift;
		};
		40569B532AA49F2600C87666 /* AlertKit */ = {
			isa = XCSwiftPackageProductDependency;
			package = 40569B522AA49F2600C87666 /* XCRemoteSwiftPackageReference "AlertKit" */;
			productName = AlertKit;
		};
		4CE0980C2A9E7FCE000D17F6 /* SnapKit */ = {
			isa = XCSwiftPackageProductDependency;
			package = 4CE0980B2A9E7FCE000D17F6 /* XCRemoteSwiftPackageReference "SnapKit" */;
			productName = SnapKit;
		};
		4CE098132AA90788000D17F6 /* FirebaseAuth */ = {
			isa = XCSwiftPackageProductDependency;
			package = 4CE098122AA90788000D17F6 /* XCRemoteSwiftPackageReference "firebase-ios-sdk" */;
			productName = FirebaseAuth;
		};
		4CE098152AA90788000D17F6 /* FirebaseStorage */ = {
			isa = XCSwiftPackageProductDependency;
			package = 4CE098122AA90788000D17F6 /* XCRemoteSwiftPackageReference "firebase-ios-sdk" */;
			productName = FirebaseStorage;
		};
		863B3D3F2A9D1B0400187864 /* Kingfisher */ = {
			isa = XCSwiftPackageProductDependency;
			package = 863B3D3E2A9D1B0400187864 /* XCRemoteSwiftPackageReference "Kingfisher" */;
			productName = Kingfisher;
		};
/* End XCSwiftPackageProductDependency section */
	};
	rootObject = 864AAB8D2A9B45CD001955C7 /* Project object */;
}
